
Microsoft Visual Studio Solution File, Format Version 12.00
# Visual Studio Version 17
VisualStudioVersion = 17.3.32825.248
MinimumVisualStudioVersion = 10.0.40219.1
Project("{FAE04EC0-301F-11D3-BF4B-00C04F79EFBC}") = "SerilestirmeSerialization", "SerilestirmeSerialization\SerilestirmeSerialization.csproj", "{08AAF007-F69E-4AB0-A792-BDBF034FA7D1}"
EndProject
Global
	GlobalSection(SolutionConfigurationPlatforms) = preSolution
		Debug|Any CPU = Debug|Any CPU
		Release|Any CPU = Release|Any CPU
	EndGlobalSection
	GlobalSection(ProjectConfigurationPlatforms) = postSolution
		{08AAF007-F69E-4AB0-A792-BDBF034FA7D1}.Debug|Any CPU.ActiveCfg = Debug|Any CPU
		{08AAF007-F69E-4AB0-A792-BDBF034FA7D1}.Debug|Any CPU.Build.0 = Debug|Any CPU
		{08AAF007-F69E-4AB0-A792-BDBF034FA7D1}.Release|Any CPU.ActiveCfg = Release|Any CPU
		{08AAF007-F69E-4AB0-A792-BDBF034FA7D1}.Release|Any CPU.Build.0 = Release|Any CPU
	EndGlobalSection
	GlobalSection(SolutionProperties) = preSolution
		HideSolutionNode = FALSE
	EndGlobalSection
	GlobalSection(ExtensibilityGlobals) = postSolution
		SolutionGuid = {3EF21AC5-E298-42EC-8348-B18D8E456735}
	EndGlobalSection
EndGlobal
